{
  "name": "orb",
  "version": "0.0.0",
  "lockfileVersion": 3,
  "requires": true,
  "packages": {
    "": {
      "name": "orb",
      "version": "0.0.0",
      "license": "Apache-2.0",
      "workspaces": [
        "runtime/*",
        "packages/*",
        "apps/executor"
      ],
      "devDependencies": {
        "@types/node": "^22.10.2",
        "typescript": "^5.7.2"
      },
      "engines": {
        "node": ">=22.6.0"
      }
    },
    "apps/executor": {
      "name": "@orb/executor-app",
      "version": "0.1.0",
      "license": "Apache-2.0",
      "dependencies": {
        "@orb/hyperliquid": "0.1.0",
        "@orb/journal": "0.1.0",
        "@orb/trade-executor": "0.1.0"
      }
    },
    "node_modules/@noble/curves": {
      "version": "1.9.7",
      "resolved": "https://registry.npmjs.org/@noble/curves/-/curves-1.9.7.tgz",
      "integrity": "sha512-gbKGcRUYIjA3/zCCNaWDciTMFI0dCkvou3TL8Zmy5Nc7sJ47a0jtOeZoTaMxkuqRo9cRhjOdZJXegxYE5FN/xw==",
      "license": "MIT",
      "dependencies": {
        "@noble/hashes": "1.8.0"
      },
      "engines": {
        "node": "^14.21.3 || >=16"
      },
      "funding": {
        "url": "https://paulmillr.com/funding/"
      }
    },
    "node_modules/@noble/hashes": {
      "version": "1.8.0",
      "resolved": "https://registry.npmjs.org/@noble/hashes/-/hashes-1.8.0.tgz",
      "integrity": "sha512-jCs9ldd7NwzpgXDIf6P3+NrHh9/sD6CQdxHyjQI+h/6rDNo88ypBxxz45UDuZHz9r3tNz7N/VInSVoVdtXEI4A==",
      "license": "MIT",
      "engines": {
        "node": "^14.21.3 || >=16"
      },
      "funding": {
        "url": "https://paulmillr.com/funding/"
      }
    },
    "node_modules/@orb/executor-app": {
      "resolved": "apps/executor",
      "link": true
    },
    "node_modules/@orb/hyperliquid": {
      "resolved": "packages/hyperliquid",
      "link": true
    },
    "node_modules/@orb/journal": {
      "resolved": "runtime/journal",
      "link": true
    },
    "node_modules/@orb/trade-executor": {
      "resolved": "packages/trade-executor",
      "link": true
    },
    "node_modules/@types/node": {
      "version": "22.20.2",
      "resolved": "https://registry.npmjs.org/@types/node/-/node-22.20.2.tgz",
      "integrity": "sha512-xlvWf4Vs9n1PEVYwP1n4vvG07M6y8WgvJ2t0vbrWTmijsIHp1cS+uJ2kMIRdY3nHZK0nCYKrPeD171+SzF4/zw==",
      "dev": true,
      "license": "MIT",
      "dependencies": {
        "undici-types": "~6.21.0"
      }
    },
    "node_modules/typescript": {
      "version": "5.9.3",
      "resolved": "https://registry.npmjs.org/typescript/-/typescript-5.9.3.tgz",
      "integrity": "sha512-jl1vZzPDinLr9eUt3J/t7V6FgNEw9QjvBPdysz9KfQDD41fQrC2Y4vKQdiaUpFT4bXlb1RHhLpp8wtm6M5TgSw==",
      "dev": true,
      "license": "Apache-2.0",
      "bin": {
        "tsc": "bin/tsc",
        "tsserver": "bin/tsserver"
      },
      "engines": {
        "node": ">=14.17"
      }
    },
    "node_modules/undici-types": {
      "version": "6.21.0",
      "resolved": "https://registry.npmjs.org/undici-types/-/undici-types-6.21.0.tgz",
      "integrity": "sha512-iwDZqg0QAGrg9Rav5H4n0M64c3mkR59cJ6wQp+7C4nI0gsmExaedaYLNO44eT4AtBBwjbTiGPMlt2Md0T9H9JQ==",
      "dev": true,
      "license": "MIT"
    },
    "packages/hyperliquid": {
      "name": "@orb/hyperliquid",
      "version": "0.1.0",
      "license": "Apache-2.0",
      "dependencies": {
        "@noble/curves": "^1.8.0",
        "@noble/hashes": "^1.7.0"
      }
    },
    "packages/payment-circuit": {
      "name": "@orb/payment-circuit",
      "version": "0.1.0",
      "extraneous": true,
      "dependencies": {
        "@orb/payment-policy": "0.1.0",
        "circomlibjs": "^0.1.7",
        "snarkjs": "^0.7.5"
      },
      "devDependencies": {
        "circomlib": "^2.0.5"
      }
    },
    "packages/payment-policy": {
      "name": "@orb/payment-policy",
      "version": "0.1.0",
      "extraneous": true,
      "dependencies": {
        "@orb/journal": "0.1.0"
      }
    },
    "packages/trade-executor": {
      "name": "@orb/trade-executor",
      "version": "0.1.0",
      "license": "Apache-2.0",
      "dependencies": {
        "@orb/hyperliquid": "0.1.0",
        "@orb/journal": "0.1.0"
      }
    },
    "runtime/journal": {
      "name": "@orb/journal",
      "version": "0.1.0",
      "license": "Apache-2.0",
      "engines": {
        "node": ">=22.6.0"
      }
    }
  }
}
