{
  "name": "orb",
  "version": "0.0.0",
  "lockfileVersion": 3,
  "requires": true,
  "packages": {
    "": {
      "name": "orb",
      "version": "0.0.0",
      "license": "Apache-2.0",
      "workspaces": [
        "runtime/*",
        "packages/*"
      ],
      "devDependencies": {
        "@types/node": "^22.10.2",
        "typescript": "^5.7.2"
      },
      "engines": {
        "node": ">=22.6.0"
      }
    },
    "node_modules/@orb/connector": {
      "resolved": "packages/connector",
      "link": true
    },
    "node_modules/@orb/device-watch": {
      "resolved": "packages/device-watch",
      "link": true
    },
    "node_modules/@orb/evidence": {
      "resolved": "runtime/evidence",
      "link": true
    },
    "node_modules/@orb/journal": {
      "resolved": "runtime/journal",
      "link": true
    },
    "node_modules/@orb/observation": {
      "resolved": "runtime/observation",
      "link": true
    },
    "node_modules/@types/node": {
      "version": "22.20.2",
      "dev": true,
      "license": "MIT",
      "dependencies": {
        "undici-types": "~6.21.0"
      }
    },
    "node_modules/typescript": {
      "version": "5.9.3",
      "dev": true,
      "license": "Apache-2.0",
      "bin": {
        "tsc": "bin/tsc",
        "tsserver": "bin/tsserver"
      },
      "engines": {
        "node": ">=14.17"
      }
    },
    "node_modules/undici-types": {
      "version": "6.21.0",
      "dev": true,
      "license": "MIT"
    },
    "packages/connector": {
      "name": "@orb/connector",
      "version": "0.1.0",
      "license": "Apache-2.0",
      "dependencies": {
        "@orb/journal": "0.1.0",
        "@orb/observation": "0.1.0"
      }
    },
    "packages/device-watch": {
      "name": "@orb/device-watch",
      "version": "0.1.0",
      "license": "Apache-2.0",
      "dependencies": {
        "@orb/evidence": "0.1.0",
        "@orb/journal": "0.1.0",
        "@orb/observation": "0.1.0"
      }
    },
    "runtime/evidence": {
      "name": "@orb/evidence",
      "version": "0.1.0",
      "license": "Apache-2.0",
      "dependencies": {
        "@orb/journal": "0.1.0",
        "@orb/observation": "0.1.0"
      }
    },
    "runtime/journal": {
      "name": "@orb/journal",
      "version": "0.1.0",
      "license": "Apache-2.0",
      "engines": {
        "node": ">=22.6.0"
      }
    },
    "runtime/observation": {
      "name": "@orb/observation",
      "version": "0.1.0",
      "license": "Apache-2.0",
      "dependencies": {
        "@orb/journal": "0.1.0"
      }
    }
  }
}
